
Microsoft Visual Studio Solution File, Format Version 12.00
# Visual Studio 2012
Project("{FAE04EC0-301F-11D3-BF4B-00C04F79EFBC}") = "ASP.Net-MVC-KnockOut-POC", "ASP.Net-MVC-KnockOut-POC\ASP.Net-MVC-KnockOut-POC.csproj", "{2974E760-D4EB-498F-9B8F-DE934B3A4441}"
EndProject
Global
	GlobalSection(SolutionConfigurationPlatforms) = preSolution
		Debug|Any CPU = Debug|Any CPU
		Release|Any CPU = Release|Any CPU
	EndGlobalSection
	GlobalSection(ProjectConfigurationPlatforms) = postSolution
		{2974E760-D4EB-498F-9B8F-DE934B3A4441}.Debug|Any CPU.ActiveCfg = Debug|Any CPU
		{2974E760-D4EB-498F-9B8F-DE934B3A4441}.Debug|Any CPU.Build.0 = Debug|Any CPU
		{2974E760-D4EB-498F-9B8F-DE934B3A4441}.Release|Any CPU.ActiveCfg = Release|Any CPU
		{2974E760-D4EB-498F-9B8F-DE934B3A4441}.Release|Any CPU.Build.0 = Release|Any CPU
	EndGlobalSection
	GlobalSection(SolutionProperties) = preSolution
		HideSolutionNode = FALSE
	EndGlobalSection
EndGlobal
